{
  "version": 4,
  "terraform_version": "1.12.2",
  "serial": 6,
  "lineage": "d521b1e8-e3b9-860d-cd4d-0d7cfd654b3a",
  "outputs": {},
  "resources": [
    {
      "mode": "managed",
      "type": "aws_api_gateway_resource",
      "name": "sobreviventes_id_resource",
      "provider": "provider[\"registry.terraform.io/hashicorp/aws\"]",
      "instances": [
        {
          "schema_version": 0,
          "attributes": {
            "id": "pwlmbw",
            "parent_id": "rbwtop",
            "path": "/sobreviventes/{id}",
            "path_part": "{id}",
            "region": "sa-east-1",
            "rest_api_id": "gco5ep699d"
          },
          "sensitive_attributes": [],
          "identity_schema_version": 0,
          "private": "bnVsbA==",
          "dependencies": [
            "aws_api_gateway_resource.sobreviventes_resource",
            "aws_api_gateway_rest_api.titanic_api"
          ]
        }
      ]
    },
    {
      "mode": "managed",
      "type": "aws_api_gateway_resource",
      "name": "sobreviventes_resource",
      "provider": "provider[\"registry.terraform.io/hashicorp/aws\"]",
      "instances": [
        {
          "schema_version": 0,
          "attributes": {
            "id": "rbwtop",
            "parent_id": "h4uih6m5of",
            "path": "/sobreviventes",
            "path_part": "sobreviventes",
            "region": "sa-east-1",
            "rest_api_id": "gco5ep699d"
          },
          "sensitive_attributes": [],
          "identity_schema_version": 0,
          "private": "bnVsbA==",
          "dependencies": [
            "aws_api_gateway_rest_api.titanic_api"
          ]
        }
      ]
    },
    {
      "mode": "managed",
      "type": "aws_api_gateway_rest_api",
      "name": "titanic_api",
      "provider": "provider[\"registry.terraform.io/hashicorp/aws\"]",
      "instances": [
        {
          "schema_version": 0,
          "attributes": {
            "api_key_source": "HEADER",
            "arn": "arn:aws:apigateway:sa-east-1::/restapis/gco5ep699d",
            "binary_media_types": [],
            "body": null,
            "created_date": "2025-07-13T19:58:44Z",
            "description": "API para prever sobreviventes do Titanic",
            "disable_execute_api_endpoint": false,
            "endpoint_configuration": [
              {
                "ip_address_type": "ipv4",
                "types": [
                  "EDGE"
                ],
                "vpc_endpoint_ids": []
              }
            ],
            "execution_arn": "arn:aws:execute-api:sa-east-1:654291821970:gco5ep699d",
            "fail_on_warnings": null,
            "id": "gco5ep699d",
            "minimum_compression_size": "",
            "name": "TitanicSurvivorsAPI",
            "parameters": null,
            "policy": "",
            "put_rest_api_mode": null,
            "region": "sa-east-1",
            "root_resource_id": "h4uih6m5of",
            "tags": {
              "Environment": "Dev",
              "Project": "TitanicCase"
            },
            "tags_all": {
              "Environment": "Dev",
              "Project": "TitanicCase"
            }
          },
          "sensitive_attributes": [],
          "identity_schema_version": 0,
          "private": "bnVsbA=="
        }
      ]
    }
  ],
  "check_results": null
}
